
Microsoft Visual Studio Solution File, Format Version 12.00
# Visual Studio Version 17
VisualStudioVersion = 17.14.37111.16
MinimumVisualStudioVersion = 10.0.40219.1
Project("{FAE04EC0-301F-11D3-BF4B-00C04F79EFBC}") = "DeviceManager", "DeviceManager\DeviceManager.csproj", "{016F112E-9152-4FD3-A2DD-14C610AF7116}"
EndProject
Project("{FAE04EC0-301F-11D3-BF4B-00C04F79EFBC}") = "DeviceManagerWeb", "DeviceManagerWeb\DeviceManagerWeb.csproj", "{4044BFCD-3C67-4169-B25A-91649827EB8A}"
EndProject
Global
	GlobalSection(SolutionConfigurationPlatforms) = preSolution
		Debug|Any CPU = Debug|Any CPU
		Release|Any CPU = Release|Any CPU
	EndGlobalSection
	GlobalSection(ProjectConfigurationPlatforms) = postSolution
		{016F112E-9152-4FD3-A2DD-14C610AF7116}.Debug|Any CPU.ActiveCfg = Debug|Any CPU
		{016F112E-9152-4FD3-A2DD-14C610AF7116}.Debug|Any CPU.Build.0 = Debug|Any CPU
		{016F112E-9152-4FD3-A2DD-14C610AF7116}.Release|Any CPU.ActiveCfg = Release|Any CPU
		{016F112E-9152-4FD3-A2DD-14C610AF7116}.Release|Any CPU.Build.0 = Release|Any CPU
		{4044BFCD-3C67-4169-B25A-91649827EB8A}.Debug|Any CPU.ActiveCfg = Debug|Any CPU
		{4044BFCD-3C67-4169-B25A-91649827EB8A}.Debug|Any CPU.Build.0 = Debug|Any CPU
		{4044BFCD-3C67-4169-B25A-91649827EB8A}.Release|Any CPU.ActiveCfg = Release|Any CPU
		{4044BFCD-3C67-4169-B25A-91649827EB8A}.Release|Any CPU.Build.0 = Release|Any CPU
	EndGlobalSection
	GlobalSection(SolutionProperties) = preSolution
		HideSolutionNode = FALSE
	EndGlobalSection
	GlobalSection(ExtensibilityGlobals) = postSolution
		SolutionGuid = {178A0DB2-12D1-4360-B7E4-50E2A5841AFA}
	EndGlobalSection
EndGlobal
